// !$*UTF8*$!
{
	archiveVersion = 1;
	classes = {
	};
	objectVersion = 50;
	objects = {

/* Begin PBXBuildFile section */
		6D30FEAF25F4133C0069A3E0 /* CreationViewController.swift in Sources */ = {isa = PBXBuildFile; fileRef = 6D30FEAE25F4133C0069A3E0 /* CreationViewController.swift */; };
		6DDF803925E193FA002D3890 /* AppDelegate.swift in Sources */ = {isa = PBXBuildFile; fileRef = 6DDF803825E193FA002D3890 /* AppDelegate.swift */; };
		6DDF803B25E193FA002D3890 /* SceneDelegate.swift in Sources */ = {isa = PBXBuildFile; fileRef = 6DDF803A25E193FA002D3890 /* SceneDelegate.swift */; };
		6DDF803D25E193FA002D3890 /* ViewController.swift in Sources */ = {isa = PBXBuildFile; fileRef = 6DDF803C25E193FA002D3890 /* ViewController.swift */; };
		6DDF804025E193FA002D3890 /* Main.storyboard in Resources */ = {isa = PBXBuildFile; fileRef = 6DDF803E25E193FA002D3890 /* Main.storyboard */; };
		6DDF804225E193FE002D3890 /* Assets.xcassets in Resources */ = {isa = PBXBuildFile; fileRef = 6DDF804125E193FE002D3890 /* Assets.xcassets */; };
		6DDF804525E193FE002D3890 /* LaunchScreen.storyboard in Resources */ = {isa = PBXBuildFile; fileRef = 6DDF804325E193FE002D3890 /* LaunchScreen.storyboard */; };
		6DDF805025E193FE002D3890 /* FlashcardsTests.swift in Sources */ = {isa = PBXBuildFile; fileRef = 6DDF804F25E193FE002D3890 /* FlashcardsTests.swift */; };
		6DDF805B25E193FE002D3890 /* FlashcardsUITests.swift in Sources */ = {isa = PBXBuildFile; fileRef = 6DDF805A25E193FE002D3890 /* FlashcardsUITests.swift */; };
/* End PBXBuildFile section */

/* Begin PBXContainerItemProxy section */
		6DDF804C25E193FE002D3890 /* PBXContainerItemProxy */ = {
			isa = PBXContainerItemProxy;
			containerPortal = 6DDF802D25E193FA002D3890 /* Project object */;
			proxyType = 1;
			remoteGlobalIDString = 6DDF803425E193FA002D3890;
			remoteInfo = Flashcards;
		};
		6DDF805725E193FE002D3890 /* PBXContainerItemProxy */ = {
			isa = PBXContainerItemProxy;
			containerPortal = 6DDF802D25E193FA002D3890 /* Project object */;
			proxyType = 1;
			remoteGlobalIDString = 6DDF803425E193FA002D3890;
			remoteInfo = Flashcards;
		};
/* End PBXContainerItemProxy section */

/* Begin PBXFileReference section */
		6D30FEAE25F4133C0069A3E0 /* CreationViewController.swift */ = {isa = PBXFileReference; lastKnownFileType = sourcecode.swift; path = CreationViewController.swift; sourceTree = "<group>"; };
		6DDF803525E193FA002D3890 /* Flashcards.app */ = {isa = PBXFileReference; explicitFileType = wrapper.application; includeInIndex = 0; path = Flashcards.app; sourceTree = BUILT_PRODUCTS_DIR; };
		6DDF803825E193FA002D3890 /* AppDelegate.swift */ = {isa = PBXFileReference; lastKnownFileType = sourcecode.swift; path = AppDelegate.swift; sourceTree = "<group>"; };
		6DDF803A25E193FA002D3890 /* SceneDelegate.swift */ = {isa = PBXFileReference; lastKnownFileType = sourcecode.swift; path = SceneDelegate.swift; sourceTree = "<group>"; };
		6DDF803C25E193FA002D3890 /* ViewController.swift */ = {isa = PBXFileReference; lastKnownFileType = sourcecode.swift; path = ViewController.swift; sourceTree = "<group>"; };
		6DDF803F25E193FA002D3890 /* Base */ = {isa = PBXFileReference; lastKnownFileType = file.storyboard; name = Base; path = Base.lproj/Main.storyboard; sourceTree = "<group>"; };
		6DDF804125E193FE002D3890 /* Assets.xcassets */ = {isa = PBXFileReference; lastKnownFileType = folder.assetcatalog; path = Assets.xcassets; sourceTree = "<group>"; };
		6DDF804425E193FE002D3890 /* Base */ = {isa = PBXFileReference; lastKnownFileType = file.storyboard; name = Base; path = Base.lproj/LaunchScreen.storyboard; sourceTree = "<group>"; };
		6DDF804625E193FE002D3890 /* Info.plist */ = {isa = PBXFileReference; lastKnownFileType = text.plist.xml; path = Info.plist; sourceTree = "<group>"; };
		6DDF804B25E193FE002D3890 /* FlashcardsTests.xctest */ = {isa = PBXFileReference; explicitFileType = wrapper.cfbundle; includeInIndex = 0; path = FlashcardsTests.xctest; sourceTree = BUILT_PRODUCTS_DIR; };
		6DDF804F25E193FE002D3890 /* FlashcardsTests.swift */ = {isa = PBXFileReference; lastKnownFileType = sourcecode.swift; path = FlashcardsTests.swift; sourceTree = "<group>"; };
		6DDF805125E193FE002D3890 /* Info.plist */ = {isa = PBXFileReference; lastKnownFileType = text.plist.xml; path = Info.plist; sourceTree = "<group>"; };
		6DDF805625E193FE002D3890 /* FlashcardsUITests.xctest */ = {isa = PBXFileReference; explicitFileType = wrapper.cfbundle; includeInIndex = 0; path = FlashcardsUITests.xctest; sourceTree = BUILT_PRODUCTS_DIR; };
		6DDF805A25E193FE002D3890 /* FlashcardsUITests.swift */ = {isa = PBXFileReference; lastKnownFileType = sourcecode.swift; path = FlashcardsUITests.swift; sourceTree = "<group>"; };
		6DDF805C25E193FE002D3890 /* Info.plist */ = {isa = PBXFileReference; lastKnownFileType = text.plist.xml; path = Info.plist; sourceTree = "<group>"; };
/* End PBXFileReference section */

/* Begin PBXFrameworksBuildPhase section */
		6DDF803225E193FA002D3890 /* Frameworks */ = {
			isa = PBXFrameworksBuildPhase;
			buildActionMask = 2147483647;
			files = (
			);
			runOnlyForDeploymentPostprocessing = 0;
		};
		6DDF804825E193FE002D3890 /* Frameworks */ = {
			isa = PBXFrameworksBuildPhase;
			buildActionMask = 2147483647;
			files = (
			);
			runOnlyForDeploymentPostprocessing = 0;
		};
		6DDF805325E193FE002D3890 /* Frameworks */ = {
			isa = PBXFrameworksBuildPhase;
			buildActionMask = 2147483647;
			files = (
			);
			runOnlyForDeploymentPostprocessing = 0;
		};
/* End PBXFrameworksBuildPhase section */

/* Begin PBXGroup section */
		6DDF802C25E193FA002D3890 = {
			isa = PBXGroup;
			children = (
				6DDF803725E193FA002D3890 /* Flashcards */,
				6DDF804E25E193FE002D3890 /* FlashcardsTests */,
				6DDF805925E193FE002D3890 /* FlashcardsUITests */,
				6DDF803625E193FA002D3890 /* Products */,
			);
			sourceTree = "<group>";
		};
		6DDF803625E193FA002D3890 /* Products */ = {
			isa = PBXGroup;
			children = (
				6DDF803525E193FA002D3890 /* Flashcards.app */,
				6DDF804B25E193FE002D3890 /* FlashcardsTests.xctest */,
				6DDF805625E193FE002D3890 /* FlashcardsUITests.xctest */,
			);
			name = Products;
			sourceTree = "<group>";
		};
		6DDF803725E193FA002D3890 /* Flashcards */ = {
			isa = PBXGroup;
			children = (
				6DDF803825E193FA002D3890 /* AppDelegate.swift */,
				6DDF803A25E193FA002D3890 /* SceneDelegate.swift */,
				6DDF803C25E193FA002D3890 /* ViewController.swift */,
				6DDF803E25E193FA002D3890 /* Main.storyboard */,
				6D30FEAE25F4133C0069A3E0 /* CreationViewController.swift */,
				6DDF804125E193FE002D3890 /* Assets.xcassets */,
				6DDF804325E193FE002D3890 /* LaunchScreen.storyboard */,
				6DDF804625E193FE002D3890 /* Info.plist */,
			);
			path = Flashcards;
			sourceTree = "<group>";
		};
		6DDF804E25E193FE002D3890 /* FlashcardsTests */ = {
			isa = PBXGroup;
			children = (
				6DDF804F25E193FE002D3890 /* FlashcardsTests.swift */,
				6DDF805125E193FE002D3890 /* Info.plist */,
			);
			path = FlashcardsTests;
			sourceTree = "<group>";
		};
		6DDF805925E193FE002D3890 /* FlashcardsUITests */ = {
			isa = PBXGroup;
			children = (
				6DDF805A25E193FE002D3890 /* FlashcardsUITests.swift */,
				6DDF805C25E193FE002D3890 /* Info.plist */,
			);
			path = FlashcardsUITests;
			sourceTree = "<group>";
		};
/* End PBXGroup section */

/* Begin PBXNativeTarget section */
		6DDF803425E193FA002D3890 /* Flashcards */ = {
			isa = PBXNativeTarget;
			buildConfigurationList = 6DDF805F25E193FE002D3890 /* Build configuration list for PBXNativeTarget "Flashcards" */;
			buildPhases = (
				6DDF803125E193FA002D3890 /* Sources */,
				6DDF803225E193FA002D3890 /* Frameworks */,
				6DDF803325E193FA002D3890 /* Resources */,
			);
			buildRules = (
			);
			dependencies = (
			);
			name = Flashcards;
			productName = Flashcards;
			productReference = 6DDF803525E193FA002D3890 /* Flashcards.app */;
			productType = "com.apple.product-type.application";
		};
		6DDF804A25E193FE002D3890 /* FlashcardsTests */ = {
			isa = PBXNativeTarget;
			buildConfigurationList = 6DDF806225E193FE002D3890 /* Build configuration list for PBXNativeTarget "FlashcardsTests" */;
			buildPhases = (
				6DDF804725E193FE002D3890 /* Sources */,
				6DDF804825E193FE002D3890 /* Frameworks */,
				6DDF804925E193FE002D3890 /* Resources */,
			);
			buildRules = (
			);
			dependencies = (
				6DDF804D25E193FE002D3890 /* PBXTargetDependency */,
			);
			name = FlashcardsTests;
			productName = FlashcardsTests;
			productReference = 6DDF804B25E193FE002D3890 /* FlashcardsTests.xctest */;
			productType = "com.apple.product-type.bundle.unit-test";
		};
		6DDF805525E193FE002D3890 /* FlashcardsUITests */ = {
			isa = PBXNativeTarget;
			buildConfigurationList = 6DDF806525E193FE002D3890 /* Build configuration list for PBXNativeTarget "FlashcardsUITests" */;
			buildPhases = (
				6DDF805225E193FE002D3890 /* Sources */,
				6DDF805325E193FE002D3890 /* Frameworks */,
				6DDF805425E193FE002D3890 /* Resources */,
			);
			buildRules = (
			);
			dependencies = (
				6DDF805825E193FE002D3890 /* PBXTargetDependency */,
			);
			name = FlashcardsUITests;
			productName = FlashcardsUITests;
			productReference = 6DDF805625E193FE002D3890 /* FlashcardsUITests.xctest */;
			productType = "com.apple.product-type.bundle.ui-testing";
		};
/* End PBXNativeTarget section */

/* Begin PBXProject section */
		6DDF802D25E193FA002D3890 /* Project object */ = {
			isa = PBXProject;
			attributes = {
				LastSwiftUpdateCheck = 1230;
				LastUpgradeCheck = 1230;
				TargetAttributes = {
					6DDF803425E193FA002D3890 = {
						CreatedOnToolsVersion = 12.3;
					};
					6DDF804A25E193FE002D3890 = {
						CreatedOnToolsVersion = 12.3;
						TestTargetID = 6DDF803425E193FA002D3890;
					};
					6DDF805525E193FE002D3890 = {
						CreatedOnToolsVersion = 12.3;
						TestTargetID = 6DDF803425E193FA002D3890;
					};
				};
			};
			buildConfigurationList = 6DDF803025E193FA002D3890 /* Build configuration list for PBXProject "Flashcards" */;
			compatibilityVersion = "Xcode 9.3";
			developmentRegion = en;
			hasScannedForEncodings = 0;
			knownRegions = (
				en,
				Base,
			);
			mainGroup = 6DDF802C25E193FA002D3890;
			productRefGroup = 6DDF803625E193FA002D3890 /* Products */;
			projectDirPath = "";
			projectRoot = "";
			targets = (
				6DDF803425E193FA002D3890 /* Flashcards */,
				6DDF804A25E193FE002D3890 /* FlashcardsTests */,
				6DDF805525E193FE002D3890 /* FlashcardsUITests */,
			);
		};
/* End PBXProject section */

/* Begin PBXResourcesBuildPhase section */
		6DDF803325E193FA002D3890 /* Resources */ = {
			isa = PBXResourcesBuildPhase;
			buildActionMask = 2147483647;
			files = (
				6DDF804525E193FE002D3890 /* LaunchScreen.storyboard in Resources */,
				6DDF804225E193FE002D3890 /* Assets.xcassets in Resources */,
				6DDF804025E193FA002D3890 /* Main.storyboard in Resources */,
			);
			runOnlyForDeploymentPostprocessing = 0;
		};
		6DDF804925E193FE002D3890 /* Resources */ = {
			isa = PBXResourcesBuildPhase;
			buildActionMask = 2147483647;
			files = (
			);
			runOnlyForDeploymentPostprocessing = 0;
		};
		6DDF805425E193FE002D3890 /* Resources */ = {
			isa = PBXResourcesBuildPhase;
			buildActionMask = 2147483647;
			files = (
			);
			runOnlyForDeploymentPostprocessing = 0;
		};
/* End PBXResourcesBuildPhase section */

/* Begin PBXSourcesBuildPhase section */
		6DDF803125E193FA002D3890 /* Sources */ = {
			isa = PBXSourcesBuildPhase;
			buildActionMask = 2147483647;
			files = (
				6DDF803D25E193FA002D3890 /* ViewController.swift in Sources */,
				6DDF803925E193FA002D3890 /* AppDelegate.swift in Sources */,
				6DDF803B25E193FA002D3890 /* SceneDelegate.swift in Sources */,
				6D30FEAF25F4133C0069A3E0 /* CreationViewController.swift in Sources */,
			);
			runOnlyForDeploymentPostprocessing = 0;
		};
		6DDF804725E193FE002D3890 /* Sources */ = {
			isa = PBXSourcesBuildPhase;
			buildActionMask = 2147483647;
			files = (
				6DDF805025E193FE002D3890 /* FlashcardsTests.swift in Sources */,
			);
			runOnlyForDeploymentPostprocessing = 0;
		};
		6DDF805225E193FE002D3890 /* Sources */ = {
			isa = PBXSourcesBuildPhase;
			buildActionMask = 2147483647;
			files = (
				6DDF805B25E193FE002D3890 /* FlashcardsUITests.swift in Sources */,
			);
			runOnlyForDeploymentPostprocessing = 0;
		};
/* End PBXSourcesBuildPhase section */

/* Begin PBXTargetDependency section */
		6DDF804D25E193FE002D3890 /* PBXTargetDependency */ = {
			isa = PBXTargetDependency;
			target = 6DDF803425E193FA002D3890 /* Flashcards */;
			targetProxy = 6DDF804C25E193FE002D3890 /* PBXContainerItemProxy */;
		};
		6DDF805825E193FE002D3890 /* PBXTargetDependency */ = {
			isa = PBXTargetDependency;
			target = 6DDF803425E193FA002D3890 /* Flashcards */;
			targetProxy = 6DDF805725E193FE002D3890 /* PBXContainerItemProxy */;
		};
/* End PBXTargetDependency section */

/* Begin PBXVariantGroup section */
		6DDF803E25E193FA002D3890 /* Main.storyboard */ = {
			isa = PBXVariantGroup;
			children = (
				6DDF803F25E193FA002D3890 /* Base */,
			);
			name = Main.storyboard;
			sourceTree = "<group>";
		};
		6DDF804325E193FE002D3890 /* LaunchScreen.storyboard */ = {
			isa = PBXVariantGroup;
			children = (
				6DDF804425E193FE002D3890 /* Base */,
			);
			name = LaunchScreen.storyboard;
			sourceTree = "<group>";
		};
/* End PBXVariantGroup section */

/* Begin XCBuildConfiguration section */
		6DDF805D25E193FE002D3890 /* Debug */ = {
			isa = XCBuildConfiguration;
			buildSettings = {
				ALWAYS_SEARCH_USER_PATHS = NO;
				CLANG_ANALYZER_NONNULL = YES;
				CLANG_ANALYZER_NUMBER_OBJECT_CONVERSION = YES_AGGRESSIVE;
				CLANG_CXX_LANGUAGE_STANDARD = "gnu++14";
				CLANG_CXX_LIBRARY = "libc++";
				CLANG_ENABLE_MODULES = YES;
				CLANG_ENABLE_OBJC_ARC = YES;
				CLANG_ENABLE_OBJC_WEAK = YES;
				CLANG_WARN_BLOCK_CAPTURE_AUTORELEASING = YES;
				CLANG_WARN_BOOL_CONVERSION = YES;
				CLANG_WARN_COMMA = YES;
				CLANG_WARN_CONSTANT_CONVERSION = YES;
				CLANG_WARN_DEPRECATED_OBJC_IMPLEMENTATIONS = YES;
				CLANG_WARN_DIRECT_OBJC_ISA_USAGE = YES_ERROR;
				CLANG_WARN_DOCUMENTATION_COMMENTS = YES;
				CLANG_WARN_EMPTY_BODY = YES;
				CLANG_WARN_ENUM_CONVERSION = YES;
				CLANG_WARN_INFINITE_RECURSION = YES;
				CLANG_WARN_INT_CONVERSION = YES;
				CLANG_WARN_NON_LITERAL_NULL_CONVERSION = YES;
				CLANG_WARN_OBJC_IMPLICIT_RETAIN_SELF = YES;
				CLANG_WARN_OBJC_LITERAL_CONVERSION = YES;
				CLANG_WARN_OBJC_ROOT_CLASS = YES_ERROR;
				CLANG_WARN_QUOTED_INCLUDE_IN_FRAMEWORK_HEADER = YES;
				CLANG_WARN_RANGE_LOOP_ANALYSIS = YES;
				CLANG_WARN_STRICT_PROTOTYPES = YES;
				CLANG_WARN_SUSPICIOUS_MOVE = YES;
				CLANG_WARN_UNGUARDED_AVAILABILITY = YES_AGGRESSIVE;
				CLANG_WARN_UNREACHABLE_CODE = YES;
				CLANG_WARN__DUPLICATE_METHOD_MATCH = YES;
				COPY_PHASE_STRIP = NO;
				DEBUG_INFORMATION_FORMAT = dwarf;
				ENABLE_STRICT_OBJC_MSGSEND = YES;
				ENABLE_TESTABILITY = YES;
				GCC_C_LANGUAGE_STANDARD = gnu11;
				GCC_DYNAMIC_NO_PIC = NO;
				GCC_NO_COMMON_BLOCKS = YES;
				GCC_OPTIMIZATION_LEVEL = 0;
				GCC_PREPROCESSOR_DEFINITIONS = (
					"DEBUG=1",
					"$(inherited)",
				);
				GCC_WARN_64_TO_32_BIT_CONVERSION = YES;
				GCC_WARN_ABOUT_RETURN_TYPE = YES_ERROR;
				GCC_WARN_UNDECLARED_SELECTOR = YES;
				GCC_WARN_UNINITIALIZED_AUTOS = YES_AGGRESSIVE;
				GCC_WARN_UNUSED_FUNCTION = YES;
				GCC_WARN_UNUSED_VARIABLE = YES;
				IPHONEOS_DEPLOYMENT_TARGET = 14.3;
				MTL_ENABLE_DEBUG_INFO = INCLUDE_SOURCE;
				MTL_FAST_MATH = YES;
				ONLY_ACTIVE_ARCH = YES;
				SDKROOT = iphoneos;
				SWIFT_ACTIVE_COMPILATION_CONDITIONS = DEBUG;
				SWIFT_OPTIMIZATION_LEVEL = "-Onone";
			};
			name = Debug;
		};
		6DDF805E25E193FE002D3890 /* Release */ = {
			isa = XCBuildConfiguration;
			buildSettings = {
				ALWAYS_SEARCH_USER_PATHS = NO;
				CLANG_ANALYZER_NONNULL = YES;
				CLANG_ANALYZER_NUMBER_OBJECT_CONVERSION = YES_AGGRESSIVE;
				CLANG_CXX_LANGUAGE_STANDARD = "gnu++14";
				CLANG_CXX_LIBRARY = "libc++";
				CLANG_ENABLE_MODULES = YES;
				CLANG_ENABLE_OBJC_ARC = YES;
				CLANG_ENABLE_OBJC_WEAK = YES;
				CLANG_WARN_BLOCK_CAPTURE_AUTORELEASING = YES;
				CLANG_WARN_BOOL_CONVERSION = YES;
				CLANG_WARN_COMMA = YES;
				CLANG_WARN_CONSTANT_CONVERSION = YES;
				CLANG_WARN_DEPRECATED_OBJC_IMPLEMENTATIONS = YES;
				CLANG_WARN_DIRECT_OBJC_ISA_USAGE = YES_ERROR;
				CLANG_WARN_DOCUMENTATION_COMMENTS = YES;
				CLANG_WARN_EMPTY_BODY = YES;
				CLANG_WARN_ENUM_CONVERSION = YES;
				CLANG_WARN_INFINITE_RECURSION = YES;
				CLANG_WARN_INT_CONVERSION = YES;
				CLANG_WARN_NON_LITERAL_NULL_CONVERSION = YES;
				CLANG_WARN_OBJC_IMPLICIT_RETAIN_SELF = YES;
				CLANG_WARN_OBJC_LITERAL_CONVERSION = YES;
				CLANG_WARN_OBJC_ROOT_CLASS = YES_ERROR;
				CLANG_WARN_QUOTED_INCLUDE_IN_FRAMEWORK_HEADER = YES;
				CLANG_WARN_RANGE_LOOP_ANALYSIS = YES;
				CLANG_WARN_STRICT_PROTOTYPES = YES;
				CLANG_WARN_SUSPICIOUS_MOVE = YES;
				CLANG_WARN_UNGUARDED_AVAILABILITY = YES_AGGRESSIVE;
				CLANG_WARN_UNREACHABLE_CODE = YES;
				CLANG_WARN__DUPLICATE_METHOD_MATCH = YES;
				COPY_PHASE_STRIP = NO;
				DEBUG_INFORMATION_FORMAT = "dwarf-with-dsym";
				ENABLE_NS_ASSERTIONS = NO;
				ENABLE_STRICT_OBJC_MSGSEND = YES;
				GCC_C_LANGUAGE_STANDARD = gnu11;
				GCC_NO_COMMON_BLOCKS = YES;
				GCC_WARN_64_TO_32_BIT_CONVERSION = YES;
				GCC_WARN_ABOUT_RETURN_TYPE = YES_ERROR;
				GCC_WARN_UNDECLARED_SELECTOR = YES;
				GCC_WARN_UNINITIALIZED_AUTOS = YES_AGGRESSIVE;
				GCC_WARN_UNUSED_FUNCTION = YES;
				GCC_WARN_UNUSED_VARIABLE = YES;
				IPHONEOS_DEPLOYMENT_TARGET = 14.3;
				MTL_ENABLE_DEBUG_INFO = NO;
				MTL_FAST_MATH = YES;
				SDKROOT = iphoneos;
				SWIFT_COMPILATION_MODE = wholemodule;
				SWIFT_OPTIMIZATION_LEVEL = "-O";
				VALIDATE_PRODUCT = YES;
			};
			name = Release;
		};
		6DDF806025E193FE002D3890 /* Debug */ = {
			isa = XCBuildConfiguration;
			buildSettings = {
				ASSETCATALOG_COMPILER_APPICON_NAME = AppIcon;
				ASSETCATALOG_COMPILER_GLOBAL_ACCENT_COLOR_NAME = AccentColor;
				CODE_SIGN_STYLE = Automatic;
				DEVELOPMENT_TEAM = T7N3RS23VR;
				INFOPLIST_FILE = Flashcards/Info.plist;
				LD_RUNPATH_SEARCH_PATHS = (
					"$(inherited)",
					"@executable_path/Frameworks",
				);
				PRODUCT_BUNDLE_IDENTIFIER = com.ashaikh.Flashcards;
				PRODUCT_NAME = "$(TARGET_NAME)";
				SWIFT_VERSION = 5.0;
				TARGETED_DEVICE_FAMILY = "1,2";
			};
			name = Debug;
		};
		6DDF806125E193FE002D3890 /* Release */ = {
			isa = XCBuildConfiguration;
			buildSettings = {
				ASSETCATALOG_COMPILER_APPICON_NAME = AppIcon;
				ASSETCATALOG_COMPILER_GLOBAL_ACCENT_COLOR_NAME = AccentColor;
				CODE_SIGN_STYLE = Automatic;
				DEVELOPMENT_TEAM = T7N3RS23VR;
				INFOPLIST_FILE = Flashcards/Info.plist;
				LD_RUNPATH_SEARCH_PATHS = (
					"$(inherited)",
					"@executable_path/Frameworks",
				);
				PRODUCT_BUNDLE_IDENTIFIER = com.ashaikh.Flashcards;
				PRODUCT_NAME = "$(TARGET_NAME)";
				SWIFT_VERSION = 5.0;
				TARGETED_DEVICE_FAMILY = "1,2";
			};
			name = Release;
		};
		6DDF806325E193FE002D3890 /* Debug */ = {
			isa = XCBuildConfiguration;
			buildSettings = {
				ALWAYS_EMBED_SWIFT_STANDARD_LIBRARIES = YES;
				BUNDLE_LOADER = "$(TEST_HOST)";
				CODE_SIGN_STYLE = Automatic;
				DEVELOPMENT_TEAM = T7N3RS23VR;
				INFOPLIST_FILE = FlashcardsTests/Info.plist;
				IPHONEOS_DEPLOYMENT_TARGET = 14.3;
				LD_RUNPATH_SEARCH_PATHS = (
					"$(inherited)",
					"@executable_path/Frameworks",
					"@loader_path/Frameworks",
				);
				PRODUCT_BUNDLE_IDENTIFIER = com.ashaikh.FlashcardsTests;
				PRODUCT_NAME = "$(TARGET_NAME)";
				SWIFT_VERSION = 5.0;
				TARGETED_DEVICE_FAMILY = "1,2";
				TEST_HOST = "$(BUILT_PRODUCTS_DIR)/Flashcards.app/Flashcards";
			};
			name = Debug;
		};
		6DDF806425E193FE002D3890 /* Release */ = {
			isa = XCBuildConfiguration;
			buildSettings = {
				ALWAYS_EMBED_SWIFT_STANDARD_LIBRARIES = YES;
				BUNDLE_LOADER = "$(TEST_HOST)";
				CODE_SIGN_STYLE = Automatic;
				DEVELOPMENT_TEAM = T7N3RS23VR;
				INFOPLIST_FILE = FlashcardsTests/Info.plist;
				IPHONEOS_DEPLOYMENT_TARGET = 14.3;
				LD_RUNPATH_SEARCH_PATHS = (
					"$(inherited)",
					"@executable_path/Frameworks",
					"@loader_path/Frameworks",
				);
				PRODUCT_BUNDLE_IDENTIFIER = com.ashaikh.FlashcardsTests;
				PRODUCT_NAME = "$(TARGET_NAME)";
				SWIFT_VERSION = 5.0;
				TARGETED_DEVICE_FAMILY = "1,2";
				TEST_HOST = "$(BUILT_PRODUCTS_DIR)/Flashcards.app/Flashcards";
			};
			name = Release;
		};
		6DDF806625E193FE002D3890 /* Debug */ = {
			isa = XCBuildConfiguration;
			buildSettings = {
				ALWAYS_EMBED_SWIFT_STANDARD_LIBRARIES = YES;
				CODE_SIGN_STYLE = Automatic;
				DEVELOPMENT_TEAM = T7N3RS23VR;
				INFOPLIST_FILE = FlashcardsUITests/Info.plist;
				LD_RUNPATH_SEARCH_PATHS = (
					"$(inherited)",
					"@executable_path/Frameworks",
					"@loader_path/Frameworks",
				);
				PRODUCT_BUNDLE_IDENTIFIER = com.ashaikh.FlashcardsUITests;
				PRODUCT_NAME = "$(TARGET_NAME)";
				SWIFT_VERSION = 5.0;
				TARGETED_DEVICE_FAMILY = "1,2";
				TEST_TARGET_NAME = Flashcards;
			};
			name = Debug;
		};
		6DDF806725E193FE002D3890 /* Release */ = {
			isa = XCBuildConfiguration;
			buildSettings = {
				ALWAYS_EMBED_SWIFT_STANDARD_LIBRARIES = YES;
				CODE_SIGN_STYLE = Automatic;
				DEVELOPMENT_TEAM = T7N3RS23VR;
				INFOPLIST_FILE = FlashcardsUITests/Info.plist;
				LD_RUNPATH_SEARCH_PATHS = (
					"$(inherited)",
					"@executable_path/Frameworks",
					"@loader_path/Frameworks",
				);
				PRODUCT_BUNDLE_IDENTIFIER = com.ashaikh.FlashcardsUITests;
				PRODUCT_NAME = "$(TARGET_NAME)";
				SWIFT_VERSION = 5.0;
				TARGETED_DEVICE_FAMILY = "1,2";
				TEST_TARGET_NAME = Flashcards;
			};
			name = Release;
		};
/* End XCBuildConfiguration section */

/* Begin XCConfigurationList section */
		6DDF803025E193FA002D3890 /* Build configuration list for PBXProject "Flashcards" */ = {
			isa = XCConfigurationList;
			buildConfigurations = (
				6DDF805D25E193FE002D3890 /* Debug */,
				6DDF805E25E193FE002D3890 /* Release */,
			);
			defaultConfigurationIsVisible = 0;
			defaultConfigurationName = Release;
		};
		6DDF805F25E193FE002D3890 /* Build configuration list for PBXNativeTarget "Flashcards" */ = {
			isa = XCConfigurationList;
			buildConfigurations = (
				6DDF806025E193FE002D3890 /* Debug */,
				6DDF806125E193FE002D3890 /* Release */,
			);
			defaultConfigurationIsVisible = 0;
			defaultConfigurationName = Release;
		};
		6DDF806225E193FE002D3890 /* Build configuration list for PBXNativeTarget "FlashcardsTests" */ = {
			isa = XCConfigurationList;
			buildConfigurations = (
				6DDF806325E193FE002D3890 /* Debug */,
				6DDF806425E193FE002D3890 /* Release */,
			);
			defaultConfigurationIsVisible = 0;
			defaultConfigurationName = Release;
		};
		6DDF806525E193FE002D3890 /* Build configuration list for PBXNativeTarget "FlashcardsUITests" */ = {
			isa = XCConfigurationList;
			buildConfigurations = (
				6DDF806625E193FE002D3890 /* Debug */,
				6DDF806725E193FE002D3890 /* Release */,
			);
			defaultConfigurationIsVisible = 0;
			defaultConfigurationName = Release;
		};
/* End XCConfigurationList section */
	};
	rootObject = 6DDF802D25E193FA002D3890 /* Project object */;
}
